// !$*UTF8*$!
{
	archiveVersion = 1;
	classes = {
	};
	objectVersion = 50;
	objects = {

/* Begin PBXBuildFile section */
		3D001B9023721B970005862F /* AlamofireImage.framework in Frameworks */ = {isa = PBXBuildFile; fileRef = 3D001B8123721B6C0005862F /* AlamofireImage.framework */; };
		3D001B9123721B970005862F /* AlamofireImage.framework in Embed Frameworks */ = {isa = PBXBuildFile; fileRef = 3D001B8123721B6C0005862F /* AlamofireImage.framework */; settings = {ATTRIBUTES = (CodeSignOnCopy, RemoveHeadersOnCopy, ); }; };
		3D055B4C2370CCF70085C3E6 /* Alamofire.framework in Frameworks */ = {isa = PBXBuildFile; fileRef = 3D055B3F2370CCD50085C3E6 /* Alamofire.framework */; };
		3D055B4D2370CCF70085C3E6 /* Alamofire.framework in Embed Frameworks */ = {isa = PBXBuildFile; fileRef = 3D055B3F2370CCD50085C3E6 /* Alamofire.framework */; settings = {ATTRIBUTES = (CodeSignOnCopy, RemoveHeadersOnCopy, ); }; };
		86235C76236CC9140053C9AF /* AppDelegate.swift in Sources */ = {isa = PBXBuildFile; fileRef = 86235C75236CC9140053C9AF /* AppDelegate.swift */; };
		86235C78236CC9140053C9AF /* ViewController.swift in Sources */ = {isa = PBXBuildFile; fileRef = 86235C77236CC9140053C9AF /* ViewController.swift */; };
		86235C7B236CC9140053C9AF /* Main.storyboard in Resources */ = {isa = PBXBuildFile; fileRef = 86235C79236CC9140053C9AF /* Main.storyboard */; };
		86235C7D236CC9160053C9AF /* Assets.xcassets in Resources */ = {isa = PBXBuildFile; fileRef = 86235C7C236CC9160053C9AF /* Assets.xcassets */; };
		86235C80236CC9160053C9AF /* LaunchScreen.storyboard in Resources */ = {isa = PBXBuildFile; fileRef = 86235C7E236CC9160053C9AF /* LaunchScreen.storyboard */; };
		86235C8D236CCCDA0053C9AF /* CeldaEventoController.swift in Sources */ = {isa = PBXBuildFile; fileRef = 86235C8C236CCCDA0053C9AF /* CeldaEventoController.swift */; };
		86235C8F236CCE2F0053C9AF /* Evento.swift in Sources */ = {isa = PBXBuildFile; fileRef = 86235C8E236CCE2F0053C9AF /* Evento.swift */; };
/* End PBXBuildFile section */

/* Begin PBXContainerItemProxy section */
		3D001B8023721B6C0005862F /* PBXContainerItemProxy */ = {
			isa = PBXContainerItemProxy;
			containerPortal = 3D001B6E23721B6C0005862F /* AlamofireImage.xcodeproj */;
			proxyType = 2;
			remoteGlobalIDString = 4C9043771AABBFC5001B4E60;
			remoteInfo = "AlamofireImage iOS";
		};
		3D001B8223721B6C0005862F /* PBXContainerItemProxy */ = {
			isa = PBXContainerItemProxy;
			containerPortal = 3D001B6E23721B6C0005862F /* AlamofireImage.xcodeproj */;
			proxyType = 2;
			remoteGlobalIDString = 4C9043821AABBFC5001B4E60;
			remoteInfo = "AlamofireImage iOS Tests";
		};
		3D001B8423721B6C0005862F /* PBXContainerItemProxy */ = {
			isa = PBXContainerItemProxy;
			containerPortal = 3D001B6E23721B6C0005862F /* AlamofireImage.xcodeproj */;
			proxyType = 2;
			remoteGlobalIDString = 4CE611321AABC24E00D35044;
			remoteInfo = "AlamofireImage macOS";
		};
		3D001B8623721B6C0005862F /* PBXContainerItemProxy */ = {
			isa = PBXContainerItemProxy;
			containerPortal = 3D001B6E23721B6C0005862F /* AlamofireImage.xcodeproj */;
			proxyType = 2;
			remoteGlobalIDString = 4CE611471AABC5C900D35044;
			remoteInfo = "AlamofireImage macOS Tests";
		};
		3D001B8823721B6C0005862F /* PBXContainerItemProxy */ = {
			isa = PBXContainerItemProxy;
			containerPortal = 3D001B6E23721B6C0005862F /* AlamofireImage.xcodeproj */;
			proxyType = 2;
			remoteGlobalIDString = 4C16B37D1BA9399500A66EF0;
			remoteInfo = "AlamofireImage tvOS";
		};
		3D001B8A23721B6C0005862F /* PBXContainerItemProxy */ = {
			isa = PBXContainerItemProxy;
			containerPortal = 3D001B6E23721B6C0005862F /* AlamofireImage.xcodeproj */;
			proxyType = 2;
			remoteGlobalIDString = 4C16B3861BA9399500A66EF0;
			remoteInfo = "AlamofireImage tvOS Tests";
		};
		3D001B8C23721B6C0005862F /* PBXContainerItemProxy */ = {
			isa = PBXContainerItemProxy;
			containerPortal = 3D001B6E23721B6C0005862F /* AlamofireImage.xcodeproj */;
			proxyType = 2;
			remoteGlobalIDString = 4C4D4EC11B92976900C96855;
			remoteInfo = "AlamofireImage watchOS";
		};
		3D001B8E23721B6C0005862F /* PBXContainerItemProxy */ = {
			isa = PBXContainerItemProxy;
			containerPortal = 3D001B6E23721B6C0005862F /* AlamofireImage.xcodeproj */;
			proxyType = 2;
			remoteGlobalIDString = 4C11830B2150517E007A8298;
			remoteInfo = "iOS Example";
		};
		3D001B9223721B970005862F /* PBXContainerItemProxy */ = {
			isa = PBXContainerItemProxy;
			containerPortal = 3D001B6E23721B6C0005862F /* AlamofireImage.xcodeproj */;
			proxyType = 1;
			remoteGlobalIDString = 4C9043761AABBFC5001B4E60;
			remoteInfo = "AlamofireImage iOS";
		};
		3D055B3E2370CCD50085C3E6 /* PBXContainerItemProxy */ = {
			isa = PBXContainerItemProxy;
			containerPortal = 3D055B342370CCD50085C3E6 /* Alamofire.xcodeproj */;
			proxyType = 2;
			remoteGlobalIDString = F8111E3319A95C8B0040E7D1;
			remoteInfo = "Alamofire iOS";
		};
		3D055B402370CCD50085C3E6 /* PBXContainerItemProxy */ = {
			isa = PBXContainerItemProxy;
			containerPortal = 3D055B342370CCD50085C3E6 /* Alamofire.xcodeproj */;
			proxyType = 2;
			remoteGlobalIDString = F8111E3E19A95C8B0040E7D1;
			remoteInfo = "Alamofire iOS Tests";
		};
		3D055B422370CCD50085C3E6 /* PBXContainerItemProxy */ = {
			isa = PBXContainerItemProxy;
			containerPortal = 3D055B342370CCD50085C3E6 /* Alamofire.xcodeproj */;
			proxyType = 2;
			remoteGlobalIDString = 4DD67C0B1A5C55C900ED2280;
			remoteInfo = "Alamofire macOS";
		};
		3D055B442370CCD50085C3E6 /* PBXContainerItemProxy */ = {
			isa = PBXContainerItemProxy;
			containerPortal = 3D055B342370CCD50085C3E6 /* Alamofire.xcodeproj */;
			proxyType = 2;
			remoteGlobalIDString = F829C6B21A7A94F100A2CD59;
			remoteInfo = "Alamofire macOS Tests";
		};
		3D055B462370CCD50085C3E6 /* PBXContainerItemProxy */ = {
			isa = PBXContainerItemProxy;
			containerPortal = 3D055B342370CCD50085C3E6 /* Alamofire.xcodeproj */;
			proxyType = 2;
			remoteGlobalIDString = 4CF626EF1BA7CB3E0011A099;
			remoteInfo = "Alamofire tvOS";
		};
		3D055B482370CCD50085C3E6 /* PBXContainerItemProxy */ = {
			isa = PBXContainerItemProxy;
			containerPortal = 3D055B342370CCD50085C3E6 /* Alamofire.xcodeproj */;
			proxyType = 2;
			remoteGlobalIDString = 4CF626F81BA7CB3E0011A099;
			remoteInfo = "Alamofire tvOS Tests";
		};
		3D055B4A2370CCD50085C3E6 /* PBXContainerItemProxy */ = {
			isa = PBXContainerItemProxy;
			containerPortal = 3D055B342370CCD50085C3E6 /* Alamofire.xcodeproj */;
			proxyType = 2;
			remoteGlobalIDString = E4202FE01B667AA100C997FB;
			remoteInfo = "Alamofire watchOS";
		};
		3D055B4E2370CCF70085C3E6 /* PBXContainerItemProxy */ = {
			isa = PBXContainerItemProxy;
			containerPortal = 3D055B342370CCD50085C3E6 /* Alamofire.xcodeproj */;
			proxyType = 1;
			remoteGlobalIDString = F8111E3219A95C8B0040E7D1;
			remoteInfo = "Alamofire iOS";
		};
/* End PBXContainerItemProxy section */

/* Begin PBXCopyFilesBuildPhase section */
		3D055B502370CCF70085C3E6 /* Embed Frameworks */ = {
			isa = PBXCopyFilesBuildPhase;
			buildActionMask = 2147483647;
			dstPath = "";
			dstSubfolderSpec = 10;
			files = (
				3D055B4D2370CCF70085C3E6 /* Alamofire.framework in Embed Frameworks */,
				3D001B9123721B970005862F /* AlamofireImage.framework in Embed Frameworks */,
			);
			name = "Embed Frameworks";
			runOnlyForDeploymentPostprocessing = 0;
		};
/* End PBXCopyFilesBuildPhase section */

/* Begin PBXFileReference section */
		3D001B6E23721B6C0005862F /* AlamofireImage.xcodeproj */ = {isa = PBXFileReference; lastKnownFileType = "wrapper.pb-project"; name = AlamofireImage.xcodeproj; path = AlamofireImage/AlamofireImage.xcodeproj; sourceTree = "<group>"; };
		3D055B342370CCD50085C3E6 /* Alamofire.xcodeproj */ = {isa = PBXFileReference; lastKnownFileType = "wrapper.pb-project"; name = Alamofire.xcodeproj; path = Alamofire/Alamofire.xcodeproj; sourceTree = "<group>"; };
		86235C72236CC9140053C9AF /* eventos.app */ = {isa = PBXFileReference; explicitFileType = wrapper.application; includeInIndex = 0; path = eventos.app; sourceTree = BUILT_PRODUCTS_DIR; };
		86235C75236CC9140053C9AF /* AppDelegate.swift */ = {isa = PBXFileReference; lastKnownFileType = sourcecode.swift; path = AppDelegate.swift; sourceTree = "<group>"; };
		86235C77236CC9140053C9AF /* ViewController.swift */ = {isa = PBXFileReference; lastKnownFileType = sourcecode.swift; path = ViewController.swift; sourceTree = "<group>"; };
		86235C7A236CC9140053C9AF /* Base */ = {isa = PBXFileReference; lastKnownFileType = file.storyboard; name = Base; path = Base.lproj/Main.storyboard; sourceTree = "<group>"; };
		86235C7C236CC9160053C9AF /* Assets.xcassets */ = {isa = PBXFileReference; lastKnownFileType = folder.assetcatalog; path = Assets.xcassets; sourceTree = "<group>"; };
		86235C7F236CC9160053C9AF /* Base */ = {isa = PBXFileReference; lastKnownFileType = file.storyboard; name = Base; path = Base.lproj/LaunchScreen.storyboard; sourceTree = "<group>"; };
		86235C81236CC9160053C9AF /* Info.plist */ = {isa = PBXFileReference; lastKnownFileType = text.plist.xml; path = Info.plist; sourceTree = "<group>"; };
		86235C8C236CCCDA0053C9AF /* CeldaEventoController.swift */ = {isa = PBXFileReference; lastKnownFileType = sourcecode.swift; path = CeldaEventoController.swift; sourceTree = "<group>"; };
		86235C8E236CCE2F0053C9AF /* Evento.swift */ = {isa = PBXFileReference; lastKnownFileType = sourcecode.swift; path = Evento.swift; sourceTree = "<group>"; };
/* End PBXFileReference section */

/* Begin PBXFrameworksBuildPhase section */
		86235C6F236CC9140053C9AF /* Frameworks */ = {
			isa = PBXFrameworksBuildPhase;
			buildActionMask = 2147483647;
			files = (
				3D055B4C2370CCF70085C3E6 /* Alamofire.framework in Frameworks */,
				3D001B9023721B970005862F /* AlamofireImage.framework in Frameworks */,
			);
			runOnlyForDeploymentPostprocessing = 0;
		};
/* End PBXFrameworksBuildPhase section */

/* Begin PBXGroup section */
		3D001B6F23721B6C0005862F /* Products */ = {
			isa = PBXGroup;
			children = (
				3D001B8123721B6C0005862F /* AlamofireImage.framework */,
				3D001B8323721B6C0005862F /* AlamofireImage iOS Tests.xctest */,
				3D001B8523721B6C0005862F /* AlamofireImage.framework */,
				3D001B8723721B6C0005862F /* AlamofireImage macOS Tests.xctest */,
				3D001B8923721B6C0005862F /* AlamofireImage.framework */,
				3D001B8B23721B6C0005862F /* AlamofireImage tvOS Tests.xctest */,
				3D001B8D23721B6C0005862F /* AlamofireImage.framework */,
				3D001B8F23721B6C0005862F /* iOS Example.app */,
			);
			name = Products;
			sourceTree = "<group>";
		};
		3D055B352370CCD50085C3E6 /* Products */ = {
			isa = PBXGroup;
			children = (
				3D055B3F2370CCD50085C3E6 /* Alamofire.framework */,
				3D055B412370CCD50085C3E6 /* Alamofire iOS Tests.xctest */,
				3D055B432370CCD50085C3E6 /* Alamofire.framework */,
				3D055B452370CCD50085C3E6 /* Alamofire macOS Tests.xctest */,
				3D055B472370CCD50085C3E6 /* Alamofire.framework */,
				3D055B492370CCD50085C3E6 /* Alamofire tvOS Tests.xctest */,
				3D055B4B2370CCD50085C3E6 /* Alamofire.framework */,
			);
			name = Products;
			sourceTree = "<group>";
		};
		86235C69236CC9140053C9AF = {
			isa = PBXGroup;
			children = (
				3D001B6E23721B6C0005862F /* AlamofireImage.xcodeproj */,
				3D055B342370CCD50085C3E6 /* Alamofire.xcodeproj */,
				86235C74236CC9140053C9AF /* eventos */,
				86235C73236CC9140053C9AF /* Products */,
			);
			sourceTree = "<group>";
		};
		86235C73236CC9140053C9AF /* Products */ = {
			isa = PBXGroup;
			children = (
				86235C72236CC9140053C9AF /* eventos.app */,
			);
			name = Products;
			sourceTree = "<group>";
		};
		86235C74236CC9140053C9AF /* eventos */ = {
			isa = PBXGroup;
			children = (
				86235C8B236CCA060053C9AF /* Resources */,
				86235C8A236CC9F60053C9AF /* App */,
				86235C89236CC9EF0053C9AF /* Storyboards */,
				86235C88236CC9E50053C9AF /* Models */,
				86235C87236CC9D40053C9AF /* ViewControllers */,
			);
			path = eventos;
			sourceTree = "<group>";
		};
		86235C87236CC9D40053C9AF /* ViewControllers */ = {
			isa = PBXGroup;
			children = (
				86235C77236CC9140053C9AF /* ViewController.swift */,
				86235C8C236CCCDA0053C9AF /* CeldaEventoController.swift */,
			);
			name = ViewControllers;
			sourceTree = "<group>";
		};
		86235C88236CC9E50053C9AF /* Models */ = {
			isa = PBXGroup;
			children = (
				86235C8E236CCE2F0053C9AF /* Evento.swift */,
			);
			name = Models;
			sourceTree = "<group>";
		};
		86235C89236CC9EF0053C9AF /* Storyboards */ = {
			isa = PBXGroup;
			children = (
				86235C79236CC9140053C9AF /* Main.storyboard */,
				86235C7E236CC9160053C9AF /* LaunchScreen.storyboard */,
			);
			name = Storyboards;
			sourceTree = "<group>";
		};
		86235C8A236CC9F60053C9AF /* App */ = {
			isa = PBXGroup;
			children = (
				86235C81236CC9160053C9AF /* Info.plist */,
				86235C75236CC9140053C9AF /* AppDelegate.swift */,
			);
			name = App;
			sourceTree = "<group>";
		};
		86235C8B236CCA060053C9AF /* Resources */ = {
			isa = PBXGroup;
			children = (
				86235C7C236CC9160053C9AF /* Assets.xcassets */,
			);
			name = Resources;
			sourceTree = "<group>";
		};
/* End PBXGroup section */

/* Begin PBXNativeTarget section */
		86235C71236CC9140053C9AF /* eventos */ = {
			isa = PBXNativeTarget;
			buildConfigurationList = 86235C84236CC9160053C9AF /* Build configuration list for PBXNativeTarget "eventos" */;
			buildPhases = (
				86235C6E236CC9140053C9AF /* Sources */,
				86235C6F236CC9140053C9AF /* Frameworks */,
				86235C70236CC9140053C9AF /* Resources */,
				3D055B502370CCF70085C3E6 /* Embed Frameworks */,
			);
			buildRules = (
			);
			dependencies = (
				3D055B4F2370CCF70085C3E6 /* PBXTargetDependency */,
				3D001B9323721B970005862F /* PBXTargetDependency */,
			);
			name = eventos;
			productName = eventos;
			productReference = 86235C72236CC9140053C9AF /* eventos.app */;
			productType = "com.apple.product-type.application";
		};
/* End PBXNativeTarget section */

/* Begin PBXProject section */
		86235C6A236CC9140053C9AF /* Project object */ = {
			isa = PBXProject;
			attributes = {
				LastSwiftUpdateCheck = 1030;
				LastUpgradeCheck = 1030;
				ORGANIZATIONNAME = MaestroD1;
				TargetAttributes = {
					86235C71236CC9140053C9AF = {
						CreatedOnToolsVersion = 10.3;
					};
				};
			};
			buildConfigurationList = 86235C6D236CC9140053C9AF /* Build configuration list for PBXProject "eventos" */;
			compatibilityVersion = "Xcode 9.3";
			developmentRegion = en;
			hasScannedForEncodings = 0;
			knownRegions = (
				en,
				Base,
			);
			mainGroup = 86235C69236CC9140053C9AF;
			productRefGroup = 86235C73236CC9140053C9AF /* Products */;
			projectDirPath = "";
			projectReferences = (
				{
					ProductGroup = 3D055B352370CCD50085C3E6 /* Products */;
					ProjectRef = 3D055B342370CCD50085C3E6 /* Alamofire.xcodeproj */;
				},
				{
					ProductGroup = 3D001B6F23721B6C0005862F /* Products */;
					ProjectRef = 3D001B6E23721B6C0005862F /* AlamofireImage.xcodeproj */;
				},
			);
			projectRoot = "";
			targets = (
				86235C71236CC9140053C9AF /* eventos */,
			);
		};
/* End PBXProject section */

/* Begin PBXReferenceProxy section */
		3D001B8123721B6C0005862F /* AlamofireImage.framework */ = {
			isa = PBXReferenceProxy;
			fileType = wrapper.framework;
			path = AlamofireImage.framework;
			remoteRef = 3D001B8023721B6C0005862F /* PBXContainerItemProxy */;
			sourceTree = BUILT_PRODUCTS_DIR;
		};
		3D001B8323721B6C0005862F /* AlamofireImage iOS Tests.xctest */ = {
			isa = PBXReferenceProxy;
			fileType = wrapper.cfbundle;
			path = "AlamofireImage iOS Tests.xctest";
			remoteRef = 3D001B8223721B6C0005862F /* PBXContainerItemProxy */;
			sourceTree = BUILT_PRODUCTS_DIR;
		};
		3D001B8523721B6C0005862F /* AlamofireImage.framework */ = {
			isa = PBXReferenceProxy;
			fileType = wrapper.framework;
			path = AlamofireImage.framework;
			remoteRef = 3D001B8423721B6C0005862F /* PBXContainerItemProxy */;
			sourceTree = BUILT_PRODUCTS_DIR;
		};
		3D001B8723721B6C0005862F /* AlamofireImage macOS Tests.xctest */ = {
			isa = PBXReferenceProxy;
			fileType = wrapper.cfbundle;
			path = "AlamofireImage macOS Tests.xctest";
			remoteRef = 3D001B8623721B6C0005862F /* PBXContainerItemProxy */;
			sourceTree = BUILT_PRODUCTS_DIR;
		};
		3D001B8923721B6C0005862F /* AlamofireImage.framework */ = {
			isa = PBXReferenceProxy;
			fileType = wrapper.framework;
			path = AlamofireImage.framework;
			remoteRef = 3D001B8823721B6C0005862F /* PBXContainerItemProxy */;
			sourceTree = BUILT_PRODUCTS_DIR;
		};
		3D001B8B23721B6C0005862F /* AlamofireImage tvOS Tests.xctest */ = {
			isa = PBXReferenceProxy;
			fileType = wrapper.cfbundle;
			path = "AlamofireImage tvOS Tests.xctest";
			remoteRef = 3D001B8A23721B6C0005862F /* PBXContainerItemProxy */;
			sourceTree = BUILT_PRODUCTS_DIR;
		};
		3D001B8D23721B6C0005862F /* AlamofireImage.framework */ = {
			isa = PBXReferenceProxy;
			fileType = wrapper.framework;
			path = AlamofireImage.framework;
			remoteRef = 3D001B8C23721B6C0005862F /* PBXContainerItemProxy */;
			sourceTree = BUILT_PRODUCTS_DIR;
		};
		3D001B8F23721B6C0005862F /* iOS Example.app */ = {
			isa = PBXReferenceProxy;
			fileType = wrapper.application;
			path = "iOS Example.app";
			remoteRef = 3D001B8E23721B6C0005862F /* PBXContainerItemProxy */;
			sourceTree = BUILT_PRODUCTS_DIR;
		};
		3D055B3F2370CCD50085C3E6 /* Alamofire.framework */ = {
			isa = PBXReferenceProxy;
			fileType = wrapper.framework;
			path = Alamofire.framework;
			remoteRef = 3D055B3E2370CCD50085C3E6 /* PBXContainerItemProxy */;
			sourceTree = BUILT_PRODUCTS_DIR;
		};
		3D055B412370CCD50085C3E6 /* Alamofire iOS Tests.xctest */ = {
			isa = PBXReferenceProxy;
			fileType = wrapper.cfbundle;
			path = "Alamofire iOS Tests.xctest";
			remoteRef = 3D055B402370CCD50085C3E6 /* PBXContainerItemProxy */;
			sourceTree = BUILT_PRODUCTS_DIR;
		};
		3D055B432370CCD50085C3E6 /* Alamofire.framework */ = {
			isa = PBXReferenceProxy;
			fileType = wrapper.framework;
			path = Alamofire.framework;
			remoteRef = 3D055B422370CCD50085C3E6 /* PBXContainerItemProxy */;
			sourceTree = BUILT_PRODUCTS_DIR;
		};
		3D055B452370CCD50085C3E6 /* Alamofire macOS Tests.xctest */ = {
			isa = PBXReferenceProxy;
			fileType = wrapper.cfbundle;
			path = "Alamofire macOS Tests.xctest";
			remoteRef = 3D055B442370CCD50085C3E6 /* PBXContainerItemProxy */;
			sourceTree = BUILT_PRODUCTS_DIR;
		};
		3D055B472370CCD50085C3E6 /* Alamofire.framework */ = {
			isa = PBXReferenceProxy;
			fileType = wrapper.framework;
			path = Alamofire.framework;
			remoteRef = 3D055B462370CCD50085C3E6 /* PBXContainerItemProxy */;
			sourceTree = BUILT_PRODUCTS_DIR;
		};
		3D055B492370CCD50085C3E6 /* Alamofire tvOS Tests.xctest */ = {
			isa = PBXReferenceProxy;
			fileType = wrapper.cfbundle;
			path = "Alamofire tvOS Tests.xctest";
			remoteRef = 3D055B482370CCD50085C3E6 /* PBXContainerItemProxy */;
			sourceTree = BUILT_PRODUCTS_DIR;
		};
		3D055B4B2370CCD50085C3E6 /* Alamofire.framework */ = {
			isa = PBXReferenceProxy;
			fileType = wrapper.framework;
			path = Alamofire.framework;
			remoteRef = 3D055B4A2370CCD50085C3E6 /* PBXContainerItemProxy */;
			sourceTree = BUILT_PRODUCTS_DIR;
		};
/* End PBXReferenceProxy section */

/* Begin PBXResourcesBuildPhase section */
		86235C70236CC9140053C9AF /* Resources */ = {
			isa = PBXResourcesBuildPhase;
			buildActionMask = 2147483647;
			files = (
				86235C80236CC9160053C9AF /* LaunchScreen.storyboard in Resources */,
				86235C7D236CC9160053C9AF /* Assets.xcassets in Resources */,
				86235C7B236CC9140053C9AF /* Main.storyboard in Resources */,
			);
			runOnlyForDeploymentPostprocessing = 0;
		};
/* End PBXResourcesBuildPhase section */

/* Begin PBXSourcesBuildPhase section */
		86235C6E236CC9140053C9AF /* Sources */ = {
			isa = PBXSourcesBuildPhase;
			buildActionMask = 2147483647;
			files = (
				86235C8F236CCE2F0053C9AF /* Evento.swift in Sources */,
				86235C78236CC9140053C9AF /* ViewController.swift in Sources */,
				86235C8D236CCCDA0053C9AF /* CeldaEventoController.swift in Sources */,
				86235C76236CC9140053C9AF /* AppDelegate.swift in Sources */,
			);
			runOnlyForDeploymentPostprocessing = 0;
		};
/* End PBXSourcesBuildPhase section */

/* Begin PBXTargetDependency section */
		3D001B9323721B970005862F /* PBXTargetDependency */ = {
			isa = PBXTargetDependency;
			name = "AlamofireImage iOS";
			targetProxy = 3D001B9223721B970005862F /* PBXContainerItemProxy */;
		};
		3D055B4F2370CCF70085C3E6 /* PBXTargetDependency */ = {
			isa = PBXTargetDependency;
			name = "Alamofire iOS";
			targetProxy = 3D055B4E2370CCF70085C3E6 /* PBXContainerItemProxy */;
		};
/* End PBXTargetDependency section */

/* Begin PBXVariantGroup section */
		86235C79236CC9140053C9AF /* Main.storyboard */ = {
			isa = PBXVariantGroup;
			children = (
				86235C7A236CC9140053C9AF /* Base */,
			);
			name = Main.storyboard;
			sourceTree = "<group>";
		};
		86235C7E236CC9160053C9AF /* LaunchScreen.storyboard */ = {
			isa = PBXVariantGroup;
			children = (
				86235C7F236CC9160053C9AF /* Base */,
			);
			name = LaunchScreen.storyboard;
			sourceTree = "<group>";
		};
/* End PBXVariantGroup section */

/* Begin XCBuildConfiguration section */
		86235C82236CC9160053C9AF /* Debug */ = {
			isa = XCBuildConfiguration;
			buildSettings = {
				ALWAYS_SEARCH_USER_PATHS = NO;
				CLANG_ANALYZER_NONNULL = YES;
				CLANG_ANALYZER_NUMBER_OBJECT_CONVERSION = YES_AGGRESSIVE;
				CLANG_CXX_LANGUAGE_STANDARD = "gnu++14";
				CLANG_CXX_LIBRARY = "libc++";
				CLANG_ENABLE_MODULES = YES;
				CLANG_ENABLE_OBJC_ARC = YES;
				CLANG_ENABLE_OBJC_WEAK = YES;
				CLANG_WARN_BLOCK_CAPTURE_AUTORELEASING = YES;
				CLANG_WARN_BOOL_CONVERSION = YES;
				CLANG_WARN_COMMA = YES;
				CLANG_WARN_CONSTANT_CONVERSION = YES;
				CLANG_WARN_DEPRECATED_OBJC_IMPLEMENTATIONS = YES;
				CLANG_WARN_DIRECT_OBJC_ISA_USAGE = YES_ERROR;
				CLANG_WARN_DOCUMENTATION_COMMENTS = YES;
				CLANG_WARN_EMPTY_BODY = YES;
				CLANG_WARN_ENUM_CONVERSION = YES;
				CLANG_WARN_INFINITE_RECURSION = YES;
				CLANG_WARN_INT_CONVERSION = YES;
				CLANG_WARN_NON_LITERAL_NULL_CONVERSION = YES;
				CLANG_WARN_OBJC_IMPLICIT_RETAIN_SELF = YES;
				CLANG_WARN_OBJC_LITERAL_CONVERSION = YES;
				CLANG_WARN_OBJC_ROOT_CLASS = YES_ERROR;
				CLANG_WARN_RANGE_LOOP_ANALYSIS = YES;
				CLANG_WARN_STRICT_PROTOTYPES = YES;
				CLANG_WARN_SUSPICIOUS_MOVE = YES;
				CLANG_WARN_UNGUARDED_AVAILABILITY = YES_AGGRESSIVE;
				CLANG_WARN_UNREACHABLE_CODE = YES;
				CLANG_WARN__DUPLICATE_METHOD_MATCH = YES;
				CODE_SIGN_IDENTITY = "iPhone Developer";
				COPY_PHASE_STRIP = NO;
				DEBUG_INFORMATION_FORMAT = dwarf;
				ENABLE_STRICT_OBJC_MSGSEND = YES;
				ENABLE_TESTABILITY = YES;
				GCC_C_LANGUAGE_STANDARD = gnu11;
				GCC_DYNAMIC_NO_PIC = NO;
				GCC_NO_COMMON_BLOCKS = YES;
				GCC_OPTIMIZATION_LEVEL = 0;
				GCC_PREPROCESSOR_DEFINITIONS = (
					"DEBUG=1",
					"$(inherited)",
				);
				GCC_WARN_64_TO_32_BIT_CONVERSION = YES;
				GCC_WARN_ABOUT_RETURN_TYPE = YES_ERROR;
				GCC_WARN_UNDECLARED_SELECTOR = YES;
				GCC_WARN_UNINITIALIZED_AUTOS = YES_AGGRESSIVE;
				GCC_WARN_UNUSED_FUNCTION = YES;
				GCC_WARN_UNUSED_VARIABLE = YES;
				IPHONEOS_DEPLOYMENT_TARGET = 12.4;
				MTL_ENABLE_DEBUG_INFO = INCLUDE_SOURCE;
				MTL_FAST_MATH = YES;
				ONLY_ACTIVE_ARCH = YES;
				SDKROOT = iphoneos;
				SWIFT_ACTIVE_COMPILATION_CONDITIONS = DEBUG;
				SWIFT_OPTIMIZATION_LEVEL = "-Onone";
			};
			name = Debug;
		};
		86235C83236CC9160053C9AF /* Release */ = {
			isa = XCBuildConfiguration;
			buildSettings = {
				ALWAYS_SEARCH_USER_PATHS = NO;
				CLANG_ANALYZER_NONNULL = YES;
				CLANG_ANALYZER_NUMBER_OBJECT_CONVERSION = YES_AGGRESSIVE;
				CLANG_CXX_LANGUAGE_STANDARD = "gnu++14";
				CLANG_CXX_LIBRARY = "libc++";
				CLANG_ENABLE_MODULES = YES;
				CLANG_ENABLE_OBJC_ARC = YES;
				CLANG_ENABLE_OBJC_WEAK = YES;
				CLANG_WARN_BLOCK_CAPTURE_AUTORELEASING = YES;
				CLANG_WARN_BOOL_CONVERSION = YES;
				CLANG_WARN_COMMA = YES;
				CLANG_WARN_CONSTANT_CONVERSION = YES;
				CLANG_WARN_DEPRECATED_OBJC_IMPLEMENTATIONS = YES;
				CLANG_WARN_DIRECT_OBJC_ISA_USAGE = YES_ERROR;
				CLANG_WARN_DOCUMENTATION_COMMENTS = YES;
				CLANG_WARN_EMPTY_BODY = YES;
				CLANG_WARN_ENUM_CONVERSION = YES;
				CLANG_WARN_INFINITE_RECURSION = YES;
				CLANG_WARN_INT_CONVERSION = YES;
				CLANG_WARN_NON_LITERAL_NULL_CONVERSION = YES;
				CLANG_WARN_OBJC_IMPLICIT_RETAIN_SELF = YES;
				CLANG_WARN_OBJC_LITERAL_CONVERSION = YES;
				CLANG_WARN_OBJC_ROOT_CLASS = YES_ERROR;
				CLANG_WARN_RANGE_LOOP_ANALYSIS = YES;
				CLANG_WARN_STRICT_PROTOTYPES = YES;
				CLANG_WARN_SUSPICIOUS_MOVE = YES;
				CLANG_WARN_UNGUARDED_AVAILABILITY = YES_AGGRESSIVE;
				CLANG_WARN_UNREACHABLE_CODE = YES;
				CLANG_WARN__DUPLICATE_METHOD_MATCH = YES;
				CODE_SIGN_IDENTITY = "iPhone Developer";
				COPY_PHASE_STRIP = NO;
				DEBUG_INFORMATION_FORMAT = "dwarf-with-dsym";
				ENABLE_NS_ASSERTIONS = NO;
				ENABLE_STRICT_OBJC_MSGSEND = YES;
				GCC_C_LANGUAGE_STANDARD = gnu11;
				GCC_NO_COMMON_BLOCKS = YES;
				GCC_WARN_64_TO_32_BIT_CONVERSION = YES;
				GCC_WARN_ABOUT_RETURN_TYPE = YES_ERROR;
				GCC_WARN_UNDECLARED_SELECTOR = YES;
				GCC_WARN_UNINITIALIZED_AUTOS = YES_AGGRESSIVE;
				GCC_WARN_UNUSED_FUNCTION = YES;
				GCC_WARN_UNUSED_VARIABLE = YES;
				IPHONEOS_DEPLOYMENT_TARGET = 12.4;
				MTL_ENABLE_DEBUG_INFO = NO;
				MTL_FAST_MATH = YES;
				SDKROOT = iphoneos;
				SWIFT_COMPILATION_MODE = wholemodule;
				SWIFT_OPTIMIZATION_LEVEL = "-O";
				VALIDATE_PRODUCT = YES;
			};
			name = Release;
		};
		86235C85236CC9160053C9AF /* Debug */ = {
			isa = XCBuildConfiguration;
			buildSettings = {
				ALWAYS_EMBED_SWIFT_STANDARD_LIBRARIES = YES;
				ASSETCATALOG_COMPILER_APPICON_NAME = AppIcon;
				CODE_SIGN_STYLE = Automatic;
				INFOPLIST_FILE = eventos/Info.plist;
				LD_RUNPATH_SEARCH_PATHS = (
					"$(inherited)",
					"@executable_path/Frameworks",
				);
				PRODUCT_BUNDLE_IDENTIFIER = edu.ulsa.eventos;
				PRODUCT_NAME = "$(TARGET_NAME)";
				SWIFT_VERSION = 5.0;
				TARGETED_DEVICE_FAMILY = "1,2";
			};
			name = Debug;
		};
		86235C86236CC9160053C9AF /* Release */ = {
			isa = XCBuildConfiguration;
			buildSettings = {
				ALWAYS_EMBED_SWIFT_STANDARD_LIBRARIES = YES;
				ASSETCATALOG_COMPILER_APPICON_NAME = AppIcon;
				CODE_SIGN_STYLE = Automatic;
				INFOPLIST_FILE = eventos/Info.plist;
				LD_RUNPATH_SEARCH_PATHS = (
					"$(inherited)",
					"@executable_path/Frameworks",
				);
				PRODUCT_BUNDLE_IDENTIFIER = edu.ulsa.eventos;
				PRODUCT_NAME = "$(TARGET_NAME)";
				SWIFT_VERSION = 5.0;
				TARGETED_DEVICE_FAMILY = "1,2";
			};
			name = Release;
		};
/* End XCBuildConfiguration section */

/* Begin XCConfigurationList section */
		86235C6D236CC9140053C9AF /* Build configuration list for PBXProject "eventos" */ = {
			isa = XCConfigurationList;
			buildConfigurations = (
				86235C82236CC9160053C9AF /* Debug */,
				86235C83236CC9160053C9AF /* Release */,
			);
			defaultConfigurationIsVisible = 0;
			defaultConfigurationName = Release;
		};
		86235C84236CC9160053C9AF /* Build configuration list for PBXNativeTarget "eventos" */ = {
			isa = XCConfigurationList;
			buildConfigurations = (
				86235C85236CC9160053C9AF /* Debug */,
				86235C86236CC9160053C9AF /* Release */,
			);
			defaultConfigurationIsVisible = 0;
			defaultConfigurationName = Release;
		};
/* End XCConfigurationList section */
	};
	rootObject = 86235C6A236CC9140053C9AF /* Project object */;
}
